{
  "version": "5",
  "specifiers": {
    "jsr:@std/yaml@^1.0.9": "1.0.9",
    "npm:@actions/core@^1.11.1": "1.11.1",
    "npm:@primer/octicons@19": "19.18.0"
  },
  "jsr": {
    "@std/yaml@1.0.9": {
      "integrity": "6bad3dc766dd85b4b37eabcba81b6aa4eac7a392792ae29abcfb0f90602d55bb"
    }
  },
  "npm": {
    "@actions/core@1.11.1": {
      "integrity": "sha512-hXJCSrkwfA46Vd9Z3q4cpEpHB1rL5NG04+/rbqW9d3+CSvtB1tYe8UTpAlixa1vj0m/ULglfEK2UKxMGxCxv5A==",
      "dependencies": [
        "@actions/exec",
        "@actions/http-client"
      ]
    },
    "@actions/exec@1.1.1": {
      "integrity": "sha512-+sCcHHbVdk93a0XT19ECtO/gIXoxvdsgQLzb2fE2/5sIZmWQuluYyjPQtrtTHdU1YzTZ7bAPN4sITq2xi1679w==",
      "dependencies": [
        "@actions/io"
      ]
    },
    "@actions/http-client@2.2.3": {
      "integrity": "sha512-mx8hyJi/hjFvbPokCg4uRd4ZX78t+YyRPtnKWwIl+RzNaVuFpQHfmlGVfsKEJN8LwTCvL+DfVgAM04XaHkm6bA==",
      "dependencies": [
        "tunnel",
        "undici"
      ]
    },
    "@actions/io@1.1.3": {
      "integrity": "sha512-wi9JjgKLYS7U/z8PPbco+PvTb/nRWjeoFlJ1Qer83k/3C5PHQi28hiVdeE2kHXmIL99mQFawx8qt/JPjZilJ8Q=="
    },
    "@fastify/busboy@2.1.1": {
      "integrity": "sha512-vBZP4NlzfOlerQTnba4aqZoMhE/a9HY7HRqoOPaETQcSQuWEIyZMHGfVu6w9wGtGK5fED5qRs2DteVCjOH60sA=="
    },
    "@primer/octicons@19.18.0": {
      "integrity": "sha512-4P8FS7slUp0vHE7zLtlfOQcgF99r0tdxpriT3ahp6iwwnf1hF3OlDWXEp5n6b6G5eIY1cNr1bCrjRL+DkRjFVw==",
      "dependencies": [
        "object-assign"
      ]
    },
    "object-assign@4.1.1": {
      "integrity": "sha512-rJgTQnkUnH1sFw8yT6VSU3zD3sWmu6sZhIseY8VX+GRu3P6F7Fu+JNDoXfklElbLJSnc3FUQHVe4cU5hj+BcUg=="
    },
    "tunnel@0.0.6": {
      "integrity": "sha512-1h/Lnq9yajKY2PEbBadPXj3VxsDDu844OnaAo52UVmIzIvwwtBPIuNvkjuzBlTWpfJyUbG3ez0KSBibQkj4ojg=="
    },
    "undici@5.29.0": {
      "integrity": "sha512-raqeBD6NQK4SkWhQzeYKd1KmIG6dllBOTt55Rmkt4HtI9mwdWtJljnrXjAFUBLTSN67HWrOIZ3EPF4kjUw80Bg==",
      "dependencies": [
        "@fastify/busboy"
      ]
    }
  },
  "redirects": {
    "https://esm.sh/@primer/octicons@^19": "https://esm.sh/@primer/octicons@19.18.0",
    "https://esm.sh/@types/primer__octicons@~19.11.1/index.d.ts": "https://esm.sh/@types/primer__octicons@19.11.1/index.d.ts"
  },
  "remote": {
    "https://esm.sh/@primer/octicons@19.18.0": "3736626b742d7632c906af0c2011bc14549b0d06df7508825d85cf334ecf7674",
    "https://esm.sh/@primer/octicons@19.18.0/denonext/octicons.mjs": "4c6feed90276b7c78b7353ad14d778448c827bcad9be8bc905016a0c7bef27fb"
  },
  "workspace": {
    "dependencies": [
      "jsr:@std/yaml@^1.0.9",
      "npm:@actions/core@^1.11.1",
      "npm:@primer/octicons@19"
    ]
  }
}
